// !$*UTF8*$!
{
	archiveVersion = 1;
	classes = {
	};
	objectVersion = 46;
	objects = {

/* Begin PBXBuildFile section */
		EF454A631B5DC9C900B19884 /* RPItem.m in Sources */ = {isa = PBXBuildFile; fileRef = EF454A621B5DC9C900B19884 /* RPItem.m */; };
		EF490E1A1B98BBC700850A1A /* RPNetworkClient.m in Sources */ = {isa = PBXBuildFile; fileRef = EF490E191B98BBC700850A1A /* RPNetworkClient.m */; };
		EF490E1D1B98BD4100850A1A /* RPAlbum.m in Sources */ = {isa = PBXBuildFile; fileRef = EF490E1C1B98BD4100850A1A /* RPAlbum.m */; };
		EF490E201B98BEC300850A1A /* RPAlbumView.m in Sources */ = {isa = PBXBuildFile; fileRef = EF490E1F1B98BEC300850A1A /* RPAlbumView.m */; };
		EF490E271B98CA9D00850A1A /* RPLibraryAPI.m in Sources */ = {isa = PBXBuildFile; fileRef = EF490E261B98CA9D00850A1A /* RPLibraryAPI.m */; };
		EF490E2B1B98CBF000850A1A /* RPPersistencyManager.m in Sources */ = {isa = PBXBuildFile; fileRef = EF490E2A1B98CBF000850A1A /* RPPersistencyManager.m */; };
		EF490E311B98EB3700850A1A /* RPAlbum+TableRepresentation.m in Sources */ = {isa = PBXBuildFile; fileRef = EF490E301B98EB3700850A1A /* RPAlbum+TableRepresentation.m */; };
		EF6482031B59D08800AD92CA /* main.m in Sources */ = {isa = PBXBuildFile; fileRef = EF6482021B59D08800AD92CA /* main.m */; };
		EF6482061B59D08800AD92CA /* AppDelegate.m in Sources */ = {isa = PBXBuildFile; fileRef = EF6482051B59D08800AD92CA /* AppDelegate.m */; };
		EF6482091B59D08800AD92CA /* interviewPrepWithObjC.xcdatamodeld in Sources */ = {isa = PBXBuildFile; fileRef = EF6482071B59D08800AD92CA /* interviewPrepWithObjC.xcdatamodeld */; };
		EF64820C1B59D08800AD92CA /* RPViewController.m in Sources */ = {isa = PBXBuildFile; fileRef = EF64820B1B59D08800AD92CA /* RPViewController.m */; };
		EF64820F1B59D08800AD92CA /* Main.storyboard in Resources */ = {isa = PBXBuildFile; fileRef = EF64820D1B59D08800AD92CA /* Main.storyboard */; };
		EF6482111B59D08800AD92CA /* Images.xcassets in Resources */ = {isa = PBXBuildFile; fileRef = EF6482101B59D08800AD92CA /* Images.xcassets */; };
		EF6482141B59D08800AD92CA /* LaunchScreen.xib in Resources */ = {isa = PBXBuildFile; fileRef = EF6482121B59D08800AD92CA /* LaunchScreen.xib */; };
		EF6482201B59D08800AD92CA /* RPItemTest.m in Sources */ = {isa = PBXBuildFile; fileRef = EF64821F1B59D08800AD92CA /* RPItemTest.m */; };
		EF6585581B6EF10900DDADB1 /* RPItemModel.m in Sources */ = {isa = PBXBuildFile; fileRef = EF6585571B6EF10900DDADB1 /* RPItemModel.m */; };
		EF6A3BC11B5AB57B00DE58E5 /* UIViewController+Tracking.m in Sources */ = {isa = PBXBuildFile; fileRef = EF6A3BC01B5AB57B00DE58E5 /* UIViewController+Tracking.m */; };
/* End PBXBuildFile section */

/* Begin PBXContainerItemProxy section */
		EF64821A1B59D08800AD92CA /* PBXContainerItemProxy */ = {
			isa = PBXContainerItemProxy;
			containerPortal = EF6481F51B59D08800AD92CA /* Project object */;
			proxyType = 1;
			remoteGlobalIDString = EF6481FC1B59D08800AD92CA;
			remoteInfo = interviewPrepWithObjC;
		};
/* End PBXContainerItemProxy section */

/* Begin PBXFileReference section */
		EF454A611B5DC9C900B19884 /* RPItem.h */ = {isa = PBXFileReference; fileEncoding = 4; lastKnownFileType = sourcecode.c.h; path = RPItem.h; sourceTree = "<group>"; };
		EF454A621B5DC9C900B19884 /* RPItem.m */ = {isa = PBXFileReference; fileEncoding = 4; lastKnownFileType = sourcecode.c.objc; path = RPItem.m; sourceTree = "<group>"; };
		EF490E181B98BBC700850A1A /* RPNetworkClient.h */ = {isa = PBXFileReference; fileEncoding = 4; lastKnownFileType = sourcecode.c.h; path = RPNetworkClient.h; sourceTree = "<group>"; };
		EF490E191B98BBC700850A1A /* RPNetworkClient.m */ = {isa = PBXFileReference; fileEncoding = 4; lastKnownFileType = sourcecode.c.objc; path = RPNetworkClient.m; sourceTree = "<group>"; };
		EF490E1B1B98BD4100850A1A /* RPAlbum.h */ = {isa = PBXFileReference; fileEncoding = 4; lastKnownFileType = sourcecode.c.h; path = RPAlbum.h; sourceTree = "<group>"; };
		EF490E1C1B98BD4100850A1A /* RPAlbum.m */ = {isa = PBXFileReference; fileEncoding = 4; lastKnownFileType = sourcecode.c.objc; path = RPAlbum.m; sourceTree = "<group>"; };
		EF490E1E1B98BEC300850A1A /* RPAlbumView.h */ = {isa = PBXFileReference; fileEncoding = 4; lastKnownFileType = sourcecode.c.h; path = RPAlbumView.h; sourceTree = "<group>"; };
		EF490E1F1B98BEC300850A1A /* RPAlbumView.m */ = {isa = PBXFileReference; fileEncoding = 4; lastKnownFileType = sourcecode.c.objc; path = RPAlbumView.m; sourceTree = "<group>"; };
		EF490E251B98CA9D00850A1A /* RPLibraryAPI.h */ = {isa = PBXFileReference; fileEncoding = 4; lastKnownFileType = sourcecode.c.h; path = RPLibraryAPI.h; sourceTree = "<group>"; };
		EF490E261B98CA9D00850A1A /* RPLibraryAPI.m */ = {isa = PBXFileReference; fileEncoding = 4; lastKnownFileType = sourcecode.c.objc; path = RPLibraryAPI.m; sourceTree = "<group>"; };
		EF490E291B98CBF000850A1A /* RPPersistencyManager.h */ = {isa = PBXFileReference; fileEncoding = 4; lastKnownFileType = sourcecode.c.h; path = RPPersistencyManager.h; sourceTree = "<group>"; };
		EF490E2A1B98CBF000850A1A /* RPPersistencyManager.m */ = {isa = PBXFileReference; fileEncoding = 4; lastKnownFileType = sourcecode.c.objc; path = RPPersistencyManager.m; sourceTree = "<group>"; };
		EF490E2F1B98EB3700850A1A /* RPAlbum+TableRepresentation.h */ = {isa = PBXFileReference; fileEncoding = 4; lastKnownFileType = sourcecode.c.h; path = "RPAlbum+TableRepresentation.h"; sourceTree = "<group>"; };
		EF490E301B98EB3700850A1A /* RPAlbum+TableRepresentation.m */ = {isa = PBXFileReference; fileEncoding = 4; lastKnownFileType = sourcecode.c.objc; path = "RPAlbum+TableRepresentation.m"; sourceTree = "<group>"; };
		EF6481FD1B59D08800AD92CA /* interviewPrepWithObjC.app */ = {isa = PBXFileReference; explicitFileType = wrapper.application; includeInIndex = 0; path = interviewPrepWithObjC.app; sourceTree = BUILT_PRODUCTS_DIR; };
		EF6482011B59D08800AD92CA /* Info.plist */ = {isa = PBXFileReference; lastKnownFileType = text.plist.xml; path = Info.plist; sourceTree = "<group>"; };
		EF6482021B59D08800AD92CA /* main.m */ = {isa = PBXFileReference; lastKnownFileType = sourcecode.c.objc; path = main.m; sourceTree = "<group>"; };
		EF6482041B59D08800AD92CA /* AppDelegate.h */ = {isa = PBXFileReference; lastKnownFileType = sourcecode.c.h; path = AppDelegate.h; sourceTree = "<group>"; };
		EF6482051B59D08800AD92CA /* AppDelegate.m */ = {isa = PBXFileReference; lastKnownFileType = sourcecode.c.objc; path = AppDelegate.m; sourceTree = "<group>"; };
		EF6482081B59D08800AD92CA /* interviewPrepWithObjC.xcdatamodel */ = {isa = PBXFileReference; lastKnownFileType = wrapper.xcdatamodel; path = interviewPrepWithObjC.xcdatamodel; sourceTree = "<group>"; };
		EF64820A1B59D08800AD92CA /* RPViewController.h */ = {isa = PBXFileReference; lastKnownFileType = sourcecode.c.h; path = RPViewController.h; sourceTree = "<group>"; };
		EF64820B1B59D08800AD92CA /* RPViewController.m */ = {isa = PBXFileReference; lastKnownFileType = sourcecode.c.objc; path = RPViewController.m; sourceTree = "<group>"; };
		EF64820E1B59D08800AD92CA /* Base */ = {isa = PBXFileReference; lastKnownFileType = file.storyboard; name = Base; path = Base.lproj/Main.storyboard; sourceTree = "<group>"; };
		EF6482101B59D08800AD92CA /* Images.xcassets */ = {isa = PBXFileReference; lastKnownFileType = folder.assetcatalog; path = Images.xcassets; sourceTree = "<group>"; };
		EF6482131B59D08800AD92CA /* Base */ = {isa = PBXFileReference; lastKnownFileType = file.xib; name = Base; path = Base.lproj/LaunchScreen.xib; sourceTree = "<group>"; };
		EF6482191B59D08800AD92CA /* interviewPrepWithObjCTests.xctest */ = {isa = PBXFileReference; explicitFileType = wrapper.cfbundle; includeInIndex = 0; path = interviewPrepWithObjCTests.xctest; sourceTree = BUILT_PRODUCTS_DIR; };
		EF64821E1B59D08800AD92CA /* Info.plist */ = {isa = PBXFileReference; lastKnownFileType = text.plist.xml; path = Info.plist; sourceTree = "<group>"; };
		EF64821F1B59D08800AD92CA /* RPItemTest.m */ = {isa = PBXFileReference; lastKnownFileType = sourcecode.c.objc; name = RPItemTest.m; path = interviewPrepWithObjCTests/RPItemTest.m; sourceTree = SOURCE_ROOT; };
		EF6585561B6EF10900DDADB1 /* RPItemModel.h */ = {isa = PBXFileReference; fileEncoding = 4; lastKnownFileType = sourcecode.c.h; path = RPItemModel.h; sourceTree = "<group>"; };
		EF6585571B6EF10900DDADB1 /* RPItemModel.m */ = {isa = PBXFileReference; fileEncoding = 4; lastKnownFileType = sourcecode.c.objc; path = RPItemModel.m; sourceTree = "<group>"; };
		EF6A3BBF1B5AB57B00DE58E5 /* UIViewController+Tracking.h */ = {isa = PBXFileReference; fileEncoding = 4; lastKnownFileType = sourcecode.c.h; path = "UIViewController+Tracking.h"; sourceTree = "<group>"; };
		EF6A3BC01B5AB57B00DE58E5 /* UIViewController+Tracking.m */ = {isa = PBXFileReference; fileEncoding = 4; lastKnownFileType = sourcecode.c.objc; path = "UIViewController+Tracking.m"; sourceTree = "<group>"; };
/* End PBXFileReference section */

/* Begin PBXFrameworksBuildPhase section */
		EF6481FA1B59D08800AD92CA /* Frameworks */ = {
			isa = PBXFrameworksBuildPhase;
			buildActionMask = 2147483647;
			files = (
			);
			runOnlyForDeploymentPostprocessing = 0;
		};
		EF6482161B59D08800AD92CA /* Frameworks */ = {
			isa = PBXFrameworksBuildPhase;
			buildActionMask = 2147483647;
			files = (
			);
			runOnlyForDeploymentPostprocessing = 0;
		};
/* End PBXFrameworksBuildPhase section */

/* Begin PBXGroup section */
		EF490E151B98B9DB00850A1A /* Method Swizzling */ = {
			isa = PBXGroup;
			children = (
				EF6A3BBF1B5AB57B00DE58E5 /* UIViewController+Tracking.h */,
				EF6A3BC01B5AB57B00DE58E5 /* UIViewController+Tracking.m */,
			);
			name = "Method Swizzling";
			sourceTree = "<group>";
		};
		EF490E161B98BABF00850A1A /* Basic Practice */ = {
			isa = PBXGroup;
			children = (
				EF6585561B6EF10900DDADB1 /* RPItemModel.h */,
				EF6585571B6EF10900DDADB1 /* RPItemModel.m */,
				EF454A611B5DC9C900B19884 /* RPItem.h */,
				EF454A621B5DC9C900B19884 /* RPItem.m */,
				EF64821F1B59D08800AD92CA /* RPItemTest.m */,
			);
			name = "Basic Practice";
			sourceTree = "<group>";
		};
		EF490E171B98BBA400850A1A /* Design Patterns Practice */ = {
			isa = PBXGroup;
			children = (
				EF490E241B98C3D300850A1A /* ViewController */,
				EF490E231B98C3CC00850A1A /* View */,
				EF490E221B98C3C500850A1A /* Model */,
				EF490E211B98C3BB00850A1A /* API */,
			);
			name = "Design Patterns Practice";
			sourceTree = "<group>";
		};
		EF490E211B98C3BB00850A1A /* API */ = {
			isa = PBXGroup;
			children = (
				EF490E251B98CA9D00850A1A /* RPLibraryAPI.h */,
				EF490E261B98CA9D00850A1A /* RPLibraryAPI.m */,
				EF490E181B98BBC700850A1A /* RPNetworkClient.h */,
				EF490E191B98BBC700850A1A /* RPNetworkClient.m */,
				EF490E291B98CBF000850A1A /* RPPersistencyManager.h */,
				EF490E2A1B98CBF000850A1A /* RPPersistencyManager.m */,
			);
			name = API;
			sourceTree = "<group>";
		};
		EF490E221B98C3C500850A1A /* Model */ = {
			isa = PBXGroup;
			children = (
				EF490E1B1B98BD4100850A1A /* RPAlbum.h */,
				EF490E1C1B98BD4100850A1A /* RPAlbum.m */,
				EF490E2F1B98EB3700850A1A /* RPAlbum+TableRepresentation.h */,
				EF490E301B98EB3700850A1A /* RPAlbum+TableRepresentation.m */,
			);
			name = Model;
			sourceTree = "<group>";
		};
		EF490E231B98C3CC00850A1A /* View */ = {
			isa = PBXGroup;
			children = (
				EF490E1E1B98BEC300850A1A /* RPAlbumView.h */,
				EF490E1F1B98BEC300850A1A /* RPAlbumView.m */,
			);
			name = View;
			sourceTree = "<group>";
		};
		EF490E241B98C3D300850A1A /* ViewController */ = {
			isa = PBXGroup;
			children = (
				EF64820A1B59D08800AD92CA /* RPViewController.h */,
				EF64820B1B59D08800AD92CA /* RPViewController.m */,
			);
			name = ViewController;
			sourceTree = "<group>";
		};
		EF6481F41B59D08800AD92CA = {
			isa = PBXGroup;
			children = (
				EF6481FF1B59D08800AD92CA /* interviewPrepWithObjC */,
				EF64821C1B59D08800AD92CA /* interviewPrepWithObjCTests */,
				EF6481FE1B59D08800AD92CA /* Products */,
			);
			sourceTree = "<group>";
		};
		EF6481FE1B59D08800AD92CA /* Products */ = {
			isa = PBXGroup;
			children = (
				EF6481FD1B59D08800AD92CA /* interviewPrepWithObjC.app */,
				EF6482191B59D08800AD92CA /* interviewPrepWithObjCTests.xctest */,
			);
			name = Products;
			sourceTree = "<group>";
		};
		EF6481FF1B59D08800AD92CA /* interviewPrepWithObjC */ = {
			isa = PBXGroup;
			children = (
				EF490E171B98BBA400850A1A /* Design Patterns Practice */,
				EF490E161B98BABF00850A1A /* Basic Practice */,
				EF490E151B98B9DB00850A1A /* Method Swizzling */,
				EF6482041B59D08800AD92CA /* AppDelegate.h */,
				EF6482051B59D08800AD92CA /* AppDelegate.m */,
				EF64820D1B59D08800AD92CA /* Main.storyboard */,
				EF6482101B59D08800AD92CA /* Images.xcassets */,
				EF6482121B59D08800AD92CA /* LaunchScreen.xib */,
				EF6482071B59D08800AD92CA /* interviewPrepWithObjC.xcdatamodeld */,
				EF6482001B59D08800AD92CA /* Supporting Files */,
			);
			path = interviewPrepWithObjC;
			sourceTree = "<group>";
		};
		EF6482001B59D08800AD92CA /* Supporting Files */ = {
			isa = PBXGroup;
			children = (
				EF6482011B59D08800AD92CA /* Info.plist */,
				EF6482021B59D08800AD92CA /* main.m */,
			);
			name = "Supporting Files";
			sourceTree = "<group>";
		};
		EF64821C1B59D08800AD92CA /* interviewPrepWithObjCTests */ = {
			isa = PBXGroup;
			children = (
				EF64821D1B59D08800AD92CA /* Supporting Files */,
			);
			path = interviewPrepWithObjCTests;
			sourceTree = "<group>";
		};
		EF64821D1B59D08800AD92CA /* Supporting Files */ = {
			isa = PBXGroup;
			children = (
				EF64821E1B59D08800AD92CA /* Info.plist */,
			);
			name = "Supporting Files";
			sourceTree = "<group>";
		};
/* End PBXGroup section */

/* Begin PBXNativeTarget section */
		EF6481FC1B59D08800AD92CA /* interviewPrepWithObjC */ = {
			isa = PBXNativeTarget;
			buildConfigurationList = EF6482231B59D08800AD92CA /* Build configuration list for PBXNativeTarget "interviewPrepWithObjC" */;
			buildPhases = (
				EF6481F91B59D08800AD92CA /* Sources */,
				EF6481FA1B59D08800AD92CA /* Frameworks */,
				EF6481FB1B59D08800AD92CA /* Resources */,
			);
			buildRules = (
			);
			dependencies = (
			);
			name = interviewPrepWithObjC;
			productName = interviewPrepWithObjC;
			productReference = EF6481FD1B59D08800AD92CA /* interviewPrepWithObjC.app */;
			productType = "com.apple.product-type.application";
		};
		EF6482181B59D08800AD92CA /* interviewPrepWithObjCTests */ = {
			isa = PBXNativeTarget;
			buildConfigurationList = EF6482261B59D08800AD92CA /* Build configuration list for PBXNativeTarget "interviewPrepWithObjCTests" */;
			buildPhases = (
				EF6482151B59D08800AD92CA /* Sources */,
				EF6482161B59D08800AD92CA /* Frameworks */,
				EF6482171B59D08800AD92CA /* Resources */,
			);
			buildRules = (
			);
			dependencies = (
				EF64821B1B59D08800AD92CA /* PBXTargetDependency */,
			);
			name = interviewPrepWithObjCTests;
			productName = interviewPrepWithObjCTests;
			productReference = EF6482191B59D08800AD92CA /* interviewPrepWithObjCTests.xctest */;
			productType = "com.apple.product-type.bundle.unit-test";
		};
/* End PBXNativeTarget section */

/* Begin PBXProject section */
		EF6481F51B59D08800AD92CA /* Project object */ = {
			isa = PBXProject;
			attributes = {
				LastUpgradeCheck = 0640;
				ORGANIZATIONNAME = "Ryan Pliske";
				TargetAttributes = {
					EF6481FC1B59D08800AD92CA = {
						CreatedOnToolsVersion = 6.4;
					};
					EF6482181B59D08800AD92CA = {
						CreatedOnToolsVersion = 6.4;
						TestTargetID = EF6481FC1B59D08800AD92CA;
					};
				};
			};
			buildConfigurationList = EF6481F81B59D08800AD92CA /* Build configuration list for PBXProject "interviewPrepWithObjC" */;
			compatibilityVersion = "Xcode 3.2";
			developmentRegion = English;
			hasScannedForEncodings = 0;
			knownRegions = (
				en,
				Base,
			);
			mainGroup = EF6481F41B59D08800AD92CA;
			productRefGroup = EF6481FE1B59D08800AD92CA /* Products */;
			projectDirPath = "";
			projectRoot = "";
			targets = (
				EF6481FC1B59D08800AD92CA /* interviewPrepWithObjC */,
				EF6482181B59D08800AD92CA /* interviewPrepWithObjCTests */,
			);
		};
/* End PBXProject section */

/* Begin PBXResourcesBuildPhase section */
		EF6481FB1B59D08800AD92CA /* Resources */ = {
			isa = PBXResourcesBuildPhase;
			buildActionMask = 2147483647;
			files = (
				EF64820F1B59D08800AD92CA /* Main.storyboard in Resources */,
				EF6482141B59D08800AD92CA /* LaunchScreen.xib in Resources */,
				EF6482111B59D08800AD92CA /* Images.xcassets in Resources */,
			);
			runOnlyForDeploymentPostprocessing = 0;
		};
		EF6482171B59D08800AD92CA /* Resources */ = {
			isa = PBXResourcesBuildPhase;
			buildActionMask = 2147483647;
			files = (
			);
			runOnlyForDeploymentPostprocessing = 0;
		};
/* End PBXResourcesBuildPhase section */

/* Begin PBXSourcesBuildPhase section */
		EF6481F91B59D08800AD92CA /* Sources */ = {
			isa = PBXSourcesBuildPhase;
			buildActionMask = 2147483647;
			files = (
				EF454A631B5DC9C900B19884 /* RPItem.m in Sources */,
				EF490E271B98CA9D00850A1A /* RPLibraryAPI.m in Sources */,
				EF6A3BC11B5AB57B00DE58E5 /* UIViewController+Tracking.m in Sources */,
				EF490E2B1B98CBF000850A1A /* RPPersistencyManager.m in Sources */,
				EF6482091B59D08800AD92CA /* interviewPrepWithObjC.xcdatamodeld in Sources */,
				EF6585581B6EF10900DDADB1 /* RPItemModel.m in Sources */,
				EF6482061B59D08800AD92CA /* AppDelegate.m in Sources */,
				EF64820C1B59D08800AD92CA /* RPViewController.m in Sources */,
				EF490E311B98EB3700850A1A /* RPAlbum+TableRepresentation.m in Sources */,
				EF490E201B98BEC300850A1A /* RPAlbumView.m in Sources */,
				EF490E1D1B98BD4100850A1A /* RPAlbum.m in Sources */,
				EF490E1A1B98BBC700850A1A /* RPNetworkClient.m in Sources */,
				EF6482031B59D08800AD92CA /* main.m in Sources */,
			);
			runOnlyForDeploymentPostprocessing = 0;
		};
		EF6482151B59D08800AD92CA /* Sources */ = {
			isa = PBXSourcesBuildPhase;
			buildActionMask = 2147483647;
			files = (
				EF6482201B59D08800AD92CA /* RPItemTest.m in Sources */,
			);
			runOnlyForDeploymentPostprocessing = 0;
		};
/* End PBXSourcesBuildPhase section */

/* Begin PBXTargetDependency section */
		EF64821B1B59D08800AD92CA /* PBXTargetDependency */ = {
			isa = PBXTargetDependency;
			target = EF6481FC1B59D08800AD92CA /* interviewPrepWithObjC */;
			targetProxy = EF64821A1B59D08800AD92CA /* PBXContainerItemProxy */;
		};
/* End PBXTargetDependency section */

/* Begin PBXVariantGroup section */
		EF64820D1B59D08800AD92CA /* Main.storyboard */ = {
			isa = PBXVariantGroup;
			children = (
				EF64820E1B59D08800AD92CA /* Base */,
			);
			name = Main.storyboard;
			sourceTree = "<group>";
		};
		EF6482121B59D08800AD92CA /* LaunchScreen.xib */ = {
			isa = PBXVariantGroup;
			children = (
				EF6482131B59D08800AD92CA /* Base */,
			);
			name = LaunchScreen.xib;
			sourceTree = "<group>";
		};
/* End PBXVariantGroup section */

/* Begin XCBuildConfiguration section */
		EF6482211B59D08800AD92CA /* Debug */ = {
			isa = XCBuildConfiguration;
			buildSettings = {
				ALWAYS_SEARCH_USER_PATHS = NO;
				CLANG_CXX_LANGUAGE_STANDARD = "gnu++0x";
				CLANG_CXX_LIBRARY = "libc++";
				CLANG_ENABLE_MODULES = YES;
				CLANG_ENABLE_OBJC_ARC = YES;
				CLANG_WARN_BOOL_CONVERSION = YES;
				CLANG_WARN_CONSTANT_CONVERSION = YES;
				CLANG_WARN_DIRECT_OBJC_ISA_USAGE = YES_ERROR;
				CLANG_WARN_EMPTY_BODY = YES;
				CLANG_WARN_ENUM_CONVERSION = YES;
				CLANG_WARN_INT_CONVERSION = YES;
				CLANG_WARN_OBJC_ROOT_CLASS = YES_ERROR;
				CLANG_WARN_UNREACHABLE_CODE = YES;
				CLANG_WARN__DUPLICATE_METHOD_MATCH = YES;
				"CODE_SIGN_IDENTITY[sdk=iphoneos*]" = "iPhone Developer";
				COPY_PHASE_STRIP = NO;
				DEBUG_INFORMATION_FORMAT = "dwarf-with-dsym";
				ENABLE_STRICT_OBJC_MSGSEND = YES;
				GCC_C_LANGUAGE_STANDARD = gnu99;
				GCC_DYNAMIC_NO_PIC = NO;
				GCC_NO_COMMON_BLOCKS = YES;
				GCC_OPTIMIZATION_LEVEL = 0;
				GCC_PREPROCESSOR_DEFINITIONS = (
					"DEBUG=1",
					"$(inherited)",
				);
				GCC_SYMBOLS_PRIVATE_EXTERN = NO;
				GCC_WARN_64_TO_32_BIT_CONVERSION = YES;
				GCC_WARN_ABOUT_RETURN_TYPE = YES_ERROR;
				GCC_WARN_UNDECLARED_SELECTOR = YES;
				GCC_WARN_UNINITIALIZED_AUTOS = YES_AGGRESSIVE;
				GCC_WARN_UNUSED_FUNCTION = YES;
				GCC_WARN_UNUSED_VARIABLE = YES;
				IPHONEOS_DEPLOYMENT_TARGET = 8.4;
				MTL_ENABLE_DEBUG_INFO = YES;
				ONLY_ACTIVE_ARCH = YES;
				SDKROOT = iphoneos;
			};
			name = Debug;
		};
		EF6482221B59D08800AD92CA /* Release */ = {
			isa = XCBuildConfiguration;
			buildSettings = {
				ALWAYS_SEARCH_USER_PATHS = NO;
				CLANG_CXX_LANGUAGE_STANDARD = "gnu++0x";
				CLANG_CXX_LIBRARY = "libc++";
				CLANG_ENABLE_MODULES = YES;
				CLANG_ENABLE_OBJC_ARC = YES;
				CLANG_WARN_BOOL_CONVERSION = YES;
				CLANG_WARN_CONSTANT_CONVERSION = YES;
				CLANG_WARN_DIRECT_OBJC_ISA_USAGE = YES_ERROR;
				CLANG_WARN_EMPTY_BODY = YES;
				CLANG_WARN_ENUM_CONVERSION = YES;
				CLANG_WARN_INT_CONVERSION = YES;
				CLANG_WARN_OBJC_ROOT_CLASS = YES_ERROR;
				CLANG_WARN_UNREACHABLE_CODE = YES;
				CLANG_WARN__DUPLICATE_METHOD_MATCH = YES;
				"CODE_SIGN_IDENTITY[sdk=iphoneos*]" = "iPhone Developer";
				COPY_PHASE_STRIP = NO;
				DEBUG_INFORMATION_FORMAT = "dwarf-with-dsym";
				ENABLE_NS_ASSERTIONS = NO;
				ENABLE_STRICT_OBJC_MSGSEND = YES;
				GCC_C_LANGUAGE_STANDARD = gnu99;
				GCC_NO_COMMON_BLOCKS = YES;
				GCC_WARN_64_TO_32_BIT_CONVERSION = YES;
				GCC_WARN_ABOUT_RETURN_TYPE = YES_ERROR;
				GCC_WARN_UNDECLARED_SELECTOR = YES;
				GCC_WARN_UNINITIALIZED_AUTOS = YES_AGGRESSIVE;
				GCC_WARN_UNUSED_FUNCTION = YES;
				GCC_WARN_UNUSED_VARIABLE = YES;
				IPHONEOS_DEPLOYMENT_TARGET = 8.4;
				MTL_ENABLE_DEBUG_INFO = NO;
				SDKROOT = iphoneos;
				VALIDATE_PRODUCT = YES;
			};
			name = Release;
		};
		EF6482241B59D08800AD92CA /* Debug */ = {
			isa = XCBuildConfiguration;
			buildSettings = {
				ASSETCATALOG_COMPILER_APPICON_NAME = AppIcon;
				INFOPLIST_FILE = interviewPrepWithObjC/Info.plist;
				LD_RUNPATH_SEARCH_PATHS = "$(inherited) @executable_path/Frameworks";
				PRODUCT_NAME = "$(TARGET_NAME)";
			};
			name = Debug;
		};
		EF6482251B59D08800AD92CA /* Release */ = {
			isa = XCBuildConfiguration;
			buildSettings = {
				ASSETCATALOG_COMPILER_APPICON_NAME = AppIcon;
				INFOPLIST_FILE = interviewPrepWithObjC/Info.plist;
				LD_RUNPATH_SEARCH_PATHS = "$(inherited) @executable_path/Frameworks";
				PRODUCT_NAME = "$(TARGET_NAME)";
			};
			name = Release;
		};
		EF6482271B59D08800AD92CA /* Debug */ = {
			isa = XCBuildConfiguration;
			buildSettings = {
				BUNDLE_LOADER = "$(TEST_HOST)";
				FRAMEWORK_SEARCH_PATHS = (
					"$(SDKROOT)/Developer/Library/Frameworks",
					"$(inherited)",
				);
				GCC_PREPROCESSOR_DEFINITIONS = (
					"DEBUG=1",
					"$(inherited)",
				);
				INFOPLIST_FILE = interviewPrepWithObjCTests/Info.plist;
				LD_RUNPATH_SEARCH_PATHS = "$(inherited) @executable_path/Frameworks @loader_path/Frameworks";
				PRODUCT_NAME = "$(TARGET_NAME)";
				TEST_HOST = "$(BUILT_PRODUCTS_DIR)/interviewPrepWithObjC.app/interviewPrepWithObjC";
			};
			name = Debug;
		};
		EF6482281B59D08800AD92CA /* Release */ = {
			isa = XCBuildConfiguration;
			buildSettings = {
				BUNDLE_LOADER = "$(TEST_HOST)";
				FRAMEWORK_SEARCH_PATHS = (
					"$(SDKROOT)/Developer/Library/Frameworks",
					"$(inherited)",
				);
				INFOPLIST_FILE = interviewPrepWithObjCTests/Info.plist;
				LD_RUNPATH_SEARCH_PATHS = "$(inherited) @executable_path/Frameworks @loader_path/Frameworks";
				PRODUCT_NAME = "$(TARGET_NAME)";
				TEST_HOST = "$(BUILT_PRODUCTS_DIR)/interviewPrepWithObjC.app/interviewPrepWithObjC";
			};
			name = Release;
		};
/* End XCBuildConfiguration section */

/* Begin XCConfigurationList section */
		EF6481F81B59D08800AD92CA /* Build configuration list for PBXProject "interviewPrepWithObjC" */ = {
			isa = XCConfigurationList;
			buildConfigurations = (
				EF6482211B59D08800AD92CA /* Debug */,
				EF6482221B59D08800AD92CA /* Release */,
			);
			defaultConfigurationIsVisible = 0;
			defaultConfigurationName = Release;
		};
		EF6482231B59D08800AD92CA /* Build configuration list for PBXNativeTarget "interviewPrepWithObjC" */ = {
			isa = XCConfigurationList;
			buildConfigurations = (
				EF6482241B59D08800AD92CA /* Debug */,
				EF6482251B59D08800AD92CA /* Release */,
			);
			defaultConfigurationIsVisible = 0;
			defaultConfigurationName = Release;
		};
		EF6482261B59D08800AD92CA /* Build configuration list for PBXNativeTarget "interviewPrepWithObjCTests" */ = {
			isa = XCConfigurationList;
			buildConfigurations = (
				EF6482271B59D08800AD92CA /* Debug */,
				EF6482281B59D08800AD92CA /* Release */,
			);
			defaultConfigurationIsVisible = 0;
			defaultConfigurationName = Release;
		};
/* End XCConfigurationList section */

/* Begin XCVersionGroup section */
		EF6482071B59D08800AD92CA /* interviewPrepWithObjC.xcdatamodeld */ = {
			isa = XCVersionGroup;
			children = (
				EF6482081B59D08800AD92CA /* interviewPrepWithObjC.xcdatamodel */,
			);
			currentVersion = EF6482081B59D08800AD92CA /* interviewPrepWithObjC.xcdatamodel */;
			path = interviewPrepWithObjC.xcdatamodeld;
			sourceTree = "<group>";
			versionGroupType = wrapper.xcdatamodel;
		};
/* End XCVersionGroup section */
	};
	rootObject = EF6481F51B59D08800AD92CA /* Project object */;
}
